// !$*UTF8*$!
{
	archiveVersion = 1;
	classes = {
	};
	objectVersion = 50;
	objects = {

/* Begin PBXBuildFile section */
		FA8048172258E78000DE5E9B /* AppDelegate.swift in Sources */ = {isa = PBXBuildFile; fileRef = FA8048162258E78000DE5E9B /* AppDelegate.swift */; };
		FA8048192258E78000DE5E9B /* ViewController.swift in Sources */ = {isa = PBXBuildFile; fileRef = FA8048182258E78000DE5E9B /* ViewController.swift */; };
		FA80481C2258E78000DE5E9B /* Main.storyboard in Resources */ = {isa = PBXBuildFile; fileRef = FA80481A2258E78000DE5E9B /* Main.storyboard */; };
		FA80481E2258E79200DE5E9B /* Assets.xcassets in Resources */ = {isa = PBXBuildFile; fileRef = FA80481D2258E79200DE5E9B /* Assets.xcassets */; };
		FA8048212258E79200DE5E9B /* LaunchScreen.storyboard in Resources */ = {isa = PBXBuildFile; fileRef = FA80481F2258E79200DE5E9B /* LaunchScreen.storyboard */; };
		FA80482C2258E79200DE5E9B /* RoadcareTests.swift in Sources */ = {isa = PBXBuildFile; fileRef = FA80482B2258E79200DE5E9B /* RoadcareTests.swift */; };
		FA8048372258E79200DE5E9B /* RoadcareUITests.swift in Sources */ = {isa = PBXBuildFile; fileRef = FA8048362258E79200DE5E9B /* RoadcareUITests.swift */; };
/* End PBXBuildFile section */

/* Begin PBXContainerItemProxy section */
		FA8048282258E79200DE5E9B /* PBXContainerItemProxy */ = {
			isa = PBXContainerItemProxy;
			containerPortal = FA80480B2258E78000DE5E9B /* Project object */;
			proxyType = 1;
			remoteGlobalIDString = FA8048122258E78000DE5E9B;
			remoteInfo = Roadcare;
		};
		FA8048332258E79200DE5E9B /* PBXContainerItemProxy */ = {
			isa = PBXContainerItemProxy;
			containerPortal = FA80480B2258E78000DE5E9B /* Project object */;
			proxyType = 1;
			remoteGlobalIDString = FA8048122258E78000DE5E9B;
			remoteInfo = Roadcare;
		};
/* End PBXContainerItemProxy section */

/* Begin PBXFileReference section */
		FA8048132258E78000DE5E9B /* Roadcare.app */ = {isa = PBXFileReference; explicitFileType = wrapper.application; includeInIndex = 0; path = Roadcare.app; sourceTree = BUILT_PRODUCTS_DIR; };
		FA8048162258E78000DE5E9B /* AppDelegate.swift */ = {isa = PBXFileReference; lastKnownFileType = sourcecode.swift; path = AppDelegate.swift; sourceTree = "<group>"; };
		FA8048182258E78000DE5E9B /* ViewController.swift */ = {isa = PBXFileReference; lastKnownFileType = sourcecode.swift; path = ViewController.swift; sourceTree = "<group>"; };
		FA80481B2258E78000DE5E9B /* Base */ = {isa = PBXFileReference; lastKnownFileType = file.storyboard; name = Base; path = Base.lproj/Main.storyboard; sourceTree = "<group>"; };
		FA80481D2258E79200DE5E9B /* Assets.xcassets */ = {isa = PBXFileReference; lastKnownFileType = folder.assetcatalog; path = Assets.xcassets; sourceTree = "<group>"; };
		FA8048202258E79200DE5E9B /* Base */ = {isa = PBXFileReference; lastKnownFileType = file.storyboard; name = Base; path = Base.lproj/LaunchScreen.storyboard; sourceTree = "<group>"; };
		FA8048222258E79200DE5E9B /* Info.plist */ = {isa = PBXFileReference; lastKnownFileType = text.plist.xml; path = Info.plist; sourceTree = "<group>"; };
		FA8048272258E79200DE5E9B /* RoadcareTests.xctest */ = {isa = PBXFileReference; explicitFileType = wrapper.cfbundle; includeInIndex = 0; path = RoadcareTests.xctest; sourceTree = BUILT_PRODUCTS_DIR; };
		FA80482B2258E79200DE5E9B /* RoadcareTests.swift */ = {isa = PBXFileReference; lastKnownFileType = sourcecode.swift; path = RoadcareTests.swift; sourceTree = "<group>"; };
		FA80482D2258E79200DE5E9B /* Info.plist */ = {isa = PBXFileReference; lastKnownFileType = text.plist.xml; path = Info.plist; sourceTree = "<group>"; };
		FA8048322258E79200DE5E9B /* RoadcareUITests.xctest */ = {isa = PBXFileReference; explicitFileType = wrapper.cfbundle; includeInIndex = 0; path = RoadcareUITests.xctest; sourceTree = BUILT_PRODUCTS_DIR; };
		FA8048362258E79200DE5E9B /* RoadcareUITests.swift */ = {isa = PBXFileReference; lastKnownFileType = sourcecode.swift; path = RoadcareUITests.swift; sourceTree = "<group>"; };
		FA8048382258E79200DE5E9B /* Info.plist */ = {isa = PBXFileReference; lastKnownFileType = text.plist.xml; path = Info.plist; sourceTree = "<group>"; };
/* End PBXFileReference section */

/* Begin PBXFrameworksBuildPhase section */
		FA8048102258E78000DE5E9B /* Frameworks */ = {
			isa = PBXFrameworksBuildPhase;
			buildActionMask = 2147483647;
			files = (
			);
			runOnlyForDeploymentPostprocessing = 0;
		};
		FA8048242258E79200DE5E9B /* Frameworks */ = {
			isa = PBXFrameworksBuildPhase;
			buildActionMask = 2147483647;
			files = (
			);
			runOnlyForDeploymentPostprocessing = 0;
		};
		FA80482F2258E79200DE5E9B /* Frameworks */ = {
			isa = PBXFrameworksBuildPhase;
			buildActionMask = 2147483647;
			files = (
			);
			runOnlyForDeploymentPostprocessing = 0;
		};
/* End PBXFrameworksBuildPhase section */

/* Begin PBXGroup section */
		FA80480A2258E78000DE5E9B = {
			isa = PBXGroup;
			children = (
				FA8048152258E78000DE5E9B /* Roadcare */,
				FA80482A2258E79200DE5E9B /* RoadcareTests */,
				FA8048352258E79200DE5E9B /* RoadcareUITests */,
				FA8048142258E78000DE5E9B /* Products */,
			);
			sourceTree = "<group>";
		};
		FA8048142258E78000DE5E9B /* Products */ = {
			isa = PBXGroup;
			children = (
				FA8048132258E78000DE5E9B /* Roadcare.app */,
				FA8048272258E79200DE5E9B /* RoadcareTests.xctest */,
				FA8048322258E79200DE5E9B /* RoadcareUITests.xctest */,
			);
			name = Products;
			sourceTree = "<group>";
		};
		FA8048152258E78000DE5E9B /* Roadcare */ = {
			isa = PBXGroup;
			children = (
				FA8048162258E78000DE5E9B /* AppDelegate.swift */,
				FA8048182258E78000DE5E9B /* ViewController.swift */,
				FA80481A2258E78000DE5E9B /* Main.storyboard */,
				FA80481D2258E79200DE5E9B /* Assets.xcassets */,
				FA80481F2258E79200DE5E9B /* LaunchScreen.storyboard */,
				FA8048222258E79200DE5E9B /* Info.plist */,
			);
			path = Roadcare;
			sourceTree = "<group>";
		};
		FA80482A2258E79200DE5E9B /* RoadcareTests */ = {
			isa = PBXGroup;
			children = (
				FA80482B2258E79200DE5E9B /* RoadcareTests.swift */,
				FA80482D2258E79200DE5E9B /* Info.plist */,
			);
			path = RoadcareTests;
			sourceTree = "<group>";
		};
		FA8048352258E79200DE5E9B /* RoadcareUITests */ = {
			isa = PBXGroup;
			children = (
				FA8048362258E79200DE5E9B /* RoadcareUITests.swift */,
				FA8048382258E79200DE5E9B /* Info.plist */,
			);
			path = RoadcareUITests;
			sourceTree = "<group>";
		};
/* End PBXGroup section */

/* Begin PBXNativeTarget section */
		FA8048122258E78000DE5E9B /* Roadcare */ = {
			isa = PBXNativeTarget;
			buildConfigurationList = FA80483B2258E79200DE5E9B /* Build configuration list for PBXNativeTarget "Roadcare" */;
			buildPhases = (
				FA80480F2258E78000DE5E9B /* Sources */,
				FA8048102258E78000DE5E9B /* Frameworks */,
				FA8048112258E78000DE5E9B /* Resources */,
			);
			buildRules = (
			);
			dependencies = (
			);
			name = Roadcare;
			productName = Roadcare;
			productReference = FA8048132258E78000DE5E9B /* Roadcare.app */;
			productType = "com.apple.product-type.application";
		};
		FA8048262258E79200DE5E9B /* RoadcareTests */ = {
			isa = PBXNativeTarget;
			buildConfigurationList = FA80483E2258E79200DE5E9B /* Build configuration list for PBXNativeTarget "RoadcareTests" */;
			buildPhases = (
				FA8048232258E79200DE5E9B /* Sources */,
				FA8048242258E79200DE5E9B /* Frameworks */,
				FA8048252258E79200DE5E9B /* Resources */,
			);
			buildRules = (
			);
			dependencies = (
				FA8048292258E79200DE5E9B /* PBXTargetDependency */,
			);
			name = RoadcareTests;
			productName = RoadcareTests;
			productReference = FA8048272258E79200DE5E9B /* RoadcareTests.xctest */;
			productType = "com.apple.product-type.bundle.unit-test";
		};
		FA8048312258E79200DE5E9B /* RoadcareUITests */ = {
			isa = PBXNativeTarget;
			buildConfigurationList = FA8048412258E79200DE5E9B /* Build configuration list for PBXNativeTarget "RoadcareUITests" */;
			buildPhases = (
				FA80482E2258E79200DE5E9B /* Sources */,
				FA80482F2258E79200DE5E9B /* Frameworks */,
				FA8048302258E79200DE5E9B /* Resources */,
			);
			buildRules = (
			);
			dependencies = (
				FA8048342258E79200DE5E9B /* PBXTargetDependency */,
			);
			name = RoadcareUITests;
			productName = RoadcareUITests;
			productReference = FA8048322258E79200DE5E9B /* RoadcareUITests.xctest */;
			productType = "com.apple.product-type.bundle.ui-testing";
		};
/* End PBXNativeTarget section */

/* Begin PBXProject section */
		FA80480B2258E78000DE5E9B /* Project object */ = {
			isa = PBXProject;
			attributes = {
				LastSwiftUpdateCheck = 1010;
				LastUpgradeCheck = 1010;
				ORGANIZATIONNAME = macbook;
				TargetAttributes = {
					FA8048122258E78000DE5E9B = {
						CreatedOnToolsVersion = 10.1;
					};
					FA8048262258E79200DE5E9B = {
						CreatedOnToolsVersion = 10.1;
						TestTargetID = FA8048122258E78000DE5E9B;
					};
					FA8048312258E79200DE5E9B = {
						CreatedOnToolsVersion = 10.1;
						TestTargetID = FA8048122258E78000DE5E9B;
					};
				};
			};
			buildConfigurationList = FA80480E2258E78000DE5E9B /* Build configuration list for PBXProject "Roadcare" */;
			compatibilityVersion = "Xcode 9.3";
			developmentRegion = en;
			hasScannedForEncodings = 0;
			knownRegions = (
				en,
				Base,
			);
			mainGroup = FA80480A2258E78000DE5E9B;
			productRefGroup = FA8048142258E78000DE5E9B /* Products */;
			projectDirPath = "";
			projectRoot = "";
			targets = (
				FA8048122258E78000DE5E9B /* Roadcare */,
				FA8048262258E79200DE5E9B /* RoadcareTests */,
				FA8048312258E79200DE5E9B /* RoadcareUITests */,
			);
		};
/* End PBXProject section */

/* Begin PBXResourcesBuildPhase section */
		FA8048112258E78000DE5E9B /* Resources */ = {
			isa = PBXResourcesBuildPhase;
			buildActionMask = 2147483647;
			files = (
				FA8048212258E79200DE5E9B /* LaunchScreen.storyboard in Resources */,
				FA80481E2258E79200DE5E9B /* Assets.xcassets in Resources */,
				FA80481C2258E78000DE5E9B /* Main.storyboard in Resources */,
			);
			runOnlyForDeploymentPostprocessing = 0;
		};
		FA8048252258E79200DE5E9B /* Resources */ = {
			isa = PBXResourcesBuildPhase;
			buildActionMask = 2147483647;
			files = (
			);
			runOnlyForDeploymentPostprocessing = 0;
		};
		FA8048302258E79200DE5E9B /* Resources */ = {
			isa = PBXResourcesBuildPhase;
			buildActionMask = 2147483647;
			files = (
			);
			runOnlyForDeploymentPostprocessing = 0;
		};
/* End PBXResourcesBuildPhase section */

/* Begin PBXSourcesBuildPhase section */
		FA80480F2258E78000DE5E9B /* Sources */ = {
			isa = PBXSourcesBuildPhase;
			buildActionMask = 2147483647;
			files = (
				FA8048192258E78000DE5E9B /* ViewController.swift in Sources */,
				FA8048172258E78000DE5E9B /* AppDelegate.swift in Sources */,
			);
			runOnlyForDeploymentPostprocessing = 0;
		};
		FA8048232258E79200DE5E9B /* Sources */ = {
			isa = PBXSourcesBuildPhase;
			buildActionMask = 2147483647;
			files = (
				FA80482C2258E79200DE5E9B /* RoadcareTests.swift in Sources */,
			);
			runOnlyForDeploymentPostprocessing = 0;
		};
		FA80482E2258E79200DE5E9B /* Sources */ = {
			isa = PBXSourcesBuildPhase;
			buildActionMask = 2147483647;
			files = (
				FA8048372258E79200DE5E9B /* RoadcareUITests.swift in Sources */,
			);
			runOnlyForDeploymentPostprocessing = 0;
		};
/* End PBXSourcesBuildPhase section */

/* Begin PBXTargetDependency section */
		FA8048292258E79200DE5E9B /* PBXTargetDependency */ = {
			isa = PBXTargetDependency;
			target = FA8048122258E78000DE5E9B /* Roadcare */;
			targetProxy = FA8048282258E79200DE5E9B /* PBXContainerItemProxy */;
		};
		FA8048342258E79200DE5E9B /* PBXTargetDependency */ = {
			isa = PBXTargetDependency;
			target = FA8048122258E78000DE5E9B /* Roadcare */;
			targetProxy = FA8048332258E79200DE5E9B /* PBXContainerItemProxy */;
		};
/* End PBXTargetDependency section */

/* Begin PBXVariantGroup section */
		FA80481A2258E78000DE5E9B /* Main.storyboard */ = {
			isa = PBXVariantGroup;
			children = (
				FA80481B2258E78000DE5E9B /* Base */,
			);
			name = Main.storyboard;
			sourceTree = "<group>";
		};
		FA80481F2258E79200DE5E9B /* LaunchScreen.storyboard */ = {
			isa = PBXVariantGroup;
			children = (
				FA8048202258E79200DE5E9B /* Base */,
			);
			name = LaunchScreen.storyboard;
			sourceTree = "<group>";
		};
/* End PBXVariantGroup section */

/* Begin XCBuildConfiguration section */
		FA8048392258E79200DE5E9B /* Debug */ = {
			isa = XCBuildConfiguration;
			buildSettings = {
				ALWAYS_SEARCH_USER_PATHS = NO;
				CLANG_ANALYZER_NONNULL = YES;
				CLANG_ANALYZER_NUMBER_OBJECT_CONVERSION = YES_AGGRESSIVE;
				CLANG_CXX_LANGUAGE_STANDARD = "gnu++14";
				CLANG_CXX_LIBRARY = "libc++";
				CLANG_ENABLE_MODULES = YES;
				CLANG_ENABLE_OBJC_ARC = YES;
				CLANG_ENABLE_OBJC_WEAK = YES;
				CLANG_WARN_BLOCK_CAPTURE_AUTORELEASING = YES;
				CLANG_WARN_BOOL_CONVERSION = YES;
				CLANG_WARN_COMMA = YES;
				CLANG_WARN_CONSTANT_CONVERSION = YES;
				CLANG_WARN_DEPRECATED_OBJC_IMPLEMENTATIONS = YES;
				CLANG_WARN_DIRECT_OBJC_ISA_USAGE = YES_ERROR;
				CLANG_WARN_DOCUMENTATION_COMMENTS = YES;
				CLANG_WARN_EMPTY_BODY = YES;
				CLANG_WARN_ENUM_CONVERSION = YES;
				CLANG_WARN_INFINITE_RECURSION = YES;
				CLANG_WARN_INT_CONVERSION = YES;
				CLANG_WARN_NON_LITERAL_NULL_CONVERSION = YES;
				CLANG_WARN_OBJC_IMPLICIT_RETAIN_SELF = YES;
				CLANG_WARN_OBJC_LITERAL_CONVERSION = YES;
				CLANG_WARN_OBJC_ROOT_CLASS = YES_ERROR;
				CLANG_WARN_RANGE_LOOP_ANALYSIS = YES;
				CLANG_WARN_STRICT_PROTOTYPES = YES;
				CLANG_WARN_SUSPICIOUS_MOVE = YES;
				CLANG_WARN_UNGUARDED_AVAILABILITY = YES_AGGRESSIVE;
				CLANG_WARN_UNREACHABLE_CODE = YES;
				CLANG_WARN__DUPLICATE_METHOD_MATCH = YES;
				CODE_SIGN_IDENTITY = "iPhone Developer";
				COPY_PHASE_STRIP = NO;
				DEBUG_INFORMATION_FORMAT = dwarf;
				ENABLE_STRICT_OBJC_MSGSEND = YES;
				ENABLE_TESTABILITY = YES;
				GCC_C_LANGUAGE_STANDARD = gnu11;
				GCC_DYNAMIC_NO_PIC = NO;
				GCC_NO_COMMON_BLOCKS = YES;
				GCC_OPTIMIZATION_LEVEL = 0;
				GCC_PREPROCESSOR_DEFINITIONS = (
					"DEBUG=1",
					"$(inherited)",
				);
				GCC_WARN_64_TO_32_BIT_CONVERSION = YES;
				GCC_WARN_ABOUT_RETURN_TYPE = YES_ERROR;
				GCC_WARN_UNDECLARED_SELECTOR = YES;
				GCC_WARN_UNINITIALIZED_AUTOS = YES_AGGRESSIVE;
				GCC_WARN_UNUSED_FUNCTION = YES;
				GCC_WARN_UNUSED_VARIABLE = YES;
				IPHONEOS_DEPLOYMENT_TARGET = 12.1;
				MTL_ENABLE_DEBUG_INFO = INCLUDE_SOURCE;
				MTL_FAST_MATH = YES;
				ONLY_ACTIVE_ARCH = YES;
				SDKROOT = iphoneos;
				SWIFT_ACTIVE_COMPILATION_CONDITIONS = DEBUG;
				SWIFT_OPTIMIZATION_LEVEL = "-Onone";
			};
			name = Debug;
		};
		FA80483A2258E79200DE5E9B /* Release */ = {
			isa = XCBuildConfiguration;
			buildSettings = {
				ALWAYS_SEARCH_USER_PATHS = NO;
				CLANG_ANALYZER_NONNULL = YES;
				CLANG_ANALYZER_NUMBER_OBJECT_CONVERSION = YES_AGGRESSIVE;
				CLANG_CXX_LANGUAGE_STANDARD = "gnu++14";
				CLANG_CXX_LIBRARY = "libc++";
				CLANG_ENABLE_MODULES = YES;
				CLANG_ENABLE_OBJC_ARC = YES;
				CLANG_ENABLE_OBJC_WEAK = YES;
				CLANG_WARN_BLOCK_CAPTURE_AUTORELEASING = YES;
				CLANG_WARN_BOOL_CONVERSION = YES;
				CLANG_WARN_COMMA = YES;
				CLANG_WARN_CONSTANT_CONVERSION = YES;
				CLANG_WARN_DEPRECATED_OBJC_IMPLEMENTATIONS = YES;
				CLANG_WARN_DIRECT_OBJC_ISA_USAGE = YES_ERROR;
				CLANG_WARN_DOCUMENTATION_COMMENTS = YES;
				CLANG_WARN_EMPTY_BODY = YES;
				CLANG_WARN_ENUM_CONVERSION = YES;
				CLANG_WARN_INFINITE_RECURSION = YES;
				CLANG_WARN_INT_CONVERSION = YES;
				CLANG_WARN_NON_LITERAL_NULL_CONVERSION = YES;
				CLANG_WARN_OBJC_IMPLICIT_RETAIN_SELF = YES;
				CLANG_WARN_OBJC_LITERAL_CONVERSION = YES;
				CLANG_WARN_OBJC_ROOT_CLASS = YES_ERROR;
				CLANG_WARN_RANGE_LOOP_ANALYSIS = YES;
				CLANG_WARN_STRICT_PROTOTYPES = YES;
				CLANG_WARN_SUSPICIOUS_MOVE = YES;
				CLANG_WARN_UNGUARDED_AVAILABILITY = YES_AGGRESSIVE;
				CLANG_WARN_UNREACHABLE_CODE = YES;
				CLANG_WARN__DUPLICATE_METHOD_MATCH = YES;
				CODE_SIGN_IDENTITY = "iPhone Developer";
				COPY_PHASE_STRIP = NO;
				DEBUG_INFORMATION_FORMAT = "dwarf-with-dsym";
				ENABLE_NS_ASSERTIONS = NO;
				ENABLE_STRICT_OBJC_MSGSEND = YES;
				GCC_C_LANGUAGE_STANDARD = gnu11;
				GCC_NO_COMMON_BLOCKS = YES;
				GCC_WARN_64_TO_32_BIT_CONVERSION = YES;
				GCC_WARN_ABOUT_RETURN_TYPE = YES_ERROR;
				GCC_WARN_UNDECLARED_SELECTOR = YES;
				GCC_WARN_UNINITIALIZED_AUTOS = YES_AGGRESSIVE;
				GCC_WARN_UNUSED_FUNCTION = YES;
				GCC_WARN_UNUSED_VARIABLE = YES;
				IPHONEOS_DEPLOYMENT_TARGET = 12.1;
				MTL_ENABLE_DEBUG_INFO = NO;
				MTL_FAST_MATH = YES;
				SDKROOT = iphoneos;
				SWIFT_COMPILATION_MODE = wholemodule;
				SWIFT_OPTIMIZATION_LEVEL = "-O";
				VALIDATE_PRODUCT = YES;
			};
			name = Release;
		};
		FA80483C2258E79200DE5E9B /* Debug */ = {
			isa = XCBuildConfiguration;
			buildSettings = {
				ASSETCATALOG_COMPILER_APPICON_NAME = AppIcon;
				CODE_SIGN_STYLE = Automatic;
				INFOPLIST_FILE = Roadcare/Info.plist;
				LD_RUNPATH_SEARCH_PATHS = (
					"$(inherited)",
					"@executable_path/Frameworks",
				);
				PRODUCT_BUNDLE_IDENTIFIER = com.akanaan.Roadcare;
				PRODUCT_NAME = "$(TARGET_NAME)";
				SWIFT_VERSION = 4.2;
				TARGETED_DEVICE_FAMILY = "1,2";
			};
			name = Debug;
		};
		FA80483D2258E79200DE5E9B /* Release */ = {
			isa = XCBuildConfiguration;
			buildSettings = {
				ASSETCATALOG_COMPILER_APPICON_NAME = AppIcon;
				CODE_SIGN_STYLE = Automatic;
				INFOPLIST_FILE = Roadcare/Info.plist;
				LD_RUNPATH_SEARCH_PATHS = (
					"$(inherited)",
					"@executable_path/Frameworks",
				);
				PRODUCT_BUNDLE_IDENTIFIER = com.akanaan.Roadcare;
				PRODUCT_NAME = "$(TARGET_NAME)";
				SWIFT_VERSION = 4.2;
				TARGETED_DEVICE_FAMILY = "1,2";
			};
			name = Release;
		};
		FA80483F2258E79200DE5E9B /* Debug */ = {
			isa = XCBuildConfiguration;
			buildSettings = {
				ALWAYS_EMBED_SWIFT_STANDARD_LIBRARIES = YES;
				BUNDLE_LOADER = "$(TEST_HOST)";
				CODE_SIGN_STYLE = Automatic;
				INFOPLIST_FILE = RoadcareTests/Info.plist;
				LD_RUNPATH_SEARCH_PATHS = (
					"$(inherited)",
					"@executable_path/Frameworks",
					"@loader_path/Frameworks",
				);
				PRODUCT_BUNDLE_IDENTIFIER = com.akanaan.RoadcareTests;
				PRODUCT_NAME = "$(TARGET_NAME)";
				SWIFT_VERSION = 4.2;
				TARGETED_DEVICE_FAMILY = "1,2";
				TEST_HOST = "$(BUILT_PRODUCTS_DIR)/Roadcare.app/Roadcare";
			};
			name = Debug;
		};
		FA8048402258E79200DE5E9B /* Release */ = {
			isa = XCBuildConfiguration;
			buildSettings = {
				ALWAYS_EMBED_SWIFT_STANDARD_LIBRARIES = YES;
				BUNDLE_LOADER = "$(TEST_HOST)";
				CODE_SIGN_STYLE = Automatic;
				INFOPLIST_FILE = RoadcareTests/Info.plist;
				LD_RUNPATH_SEARCH_PATHS = (
					"$(inherited)",
					"@executable_path/Frameworks",
					"@loader_path/Frameworks",
				);
				PRODUCT_BUNDLE_IDENTIFIER = com.akanaan.RoadcareTests;
				PRODUCT_NAME = "$(TARGET_NAME)";
				SWIFT_VERSION = 4.2;
				TARGETED_DEVICE_FAMILY = "1,2";
				TEST_HOST = "$(BUILT_PRODUCTS_DIR)/Roadcare.app/Roadcare";
			};
			name = Release;
		};
		FA8048422258E79200DE5E9B /* Debug */ = {
			isa = XCBuildConfiguration;
			buildSettings = {
				ALWAYS_EMBED_SWIFT_STANDARD_LIBRARIES = YES;
				CODE_SIGN_STYLE = Automatic;
				INFOPLIST_FILE = RoadcareUITests/Info.plist;
				LD_RUNPATH_SEARCH_PATHS = (
					"$(inherited)",
					"@executable_path/Frameworks",
					"@loader_path/Frameworks",
				);
				PRODUCT_BUNDLE_IDENTIFIER = com.akanaan.RoadcareUITests;
				PRODUCT_NAME = "$(TARGET_NAME)";
				SWIFT_VERSION = 4.2;
				TARGETED_DEVICE_FAMILY = "1,2";
				TEST_TARGET_NAME = Roadcare;
			};
			name = Debug;
		};
		FA8048432258E79200DE5E9B /* Release */ = {
			isa = XCBuildConfiguration;
			buildSettings = {
				ALWAYS_EMBED_SWIFT_STANDARD_LIBRARIES = YES;
				CODE_SIGN_STYLE = Automatic;
				INFOPLIST_FILE = RoadcareUITests/Info.plist;
				LD_RUNPATH_SEARCH_PATHS = (
					"$(inherited)",
					"@executable_path/Frameworks",
					"@loader_path/Frameworks",
				);
				PRODUCT_BUNDLE_IDENTIFIER = com.akanaan.RoadcareUITests;
				PRODUCT_NAME = "$(TARGET_NAME)";
				SWIFT_VERSION = 4.2;
				TARGETED_DEVICE_FAMILY = "1,2";
				TEST_TARGET_NAME = Roadcare;
			};
			name = Release;
		};
/* End XCBuildConfiguration section */

/* Begin XCConfigurationList section */
		FA80480E2258E78000DE5E9B /* Build configuration list for PBXProject "Roadcare" */ = {
			isa = XCConfigurationList;
			buildConfigurations = (
				FA8048392258E79200DE5E9B /* Debug */,
				FA80483A2258E79200DE5E9B /* Release */,
			);
			defaultConfigurationIsVisible = 0;
			defaultConfigurationName = Release;
		};
		FA80483B2258E79200DE5E9B /* Build configuration list for PBXNativeTarget "Roadcare" */ = {
			isa = XCConfigurationList;
			buildConfigurations = (
				FA80483C2258E79200DE5E9B /* Debug */,
				FA80483D2258E79200DE5E9B /* Release */,
			);
			defaultConfigurationIsVisible = 0;
			defaultConfigurationName = Release;
		};
		FA80483E2258E79200DE5E9B /* Build configuration list for PBXNativeTarget "RoadcareTests" */ = {
			isa = XCConfigurationList;
			buildConfigurations = (
				FA80483F2258E79200DE5E9B /* Debug */,
				FA8048402258E79200DE5E9B /* Release */,
			);
			defaultConfigurationIsVisible = 0;
			defaultConfigurationName = Release;
		};
		FA8048412258E79200DE5E9B /* Build configuration list for PBXNativeTarget "RoadcareUITests" */ = {
			isa = XCConfigurationList;
			buildConfigurations = (
				FA8048422258E79200DE5E9B /* Debug */,
				FA8048432258E79200DE5E9B /* Release */,
			);
			defaultConfigurationIsVisible = 0;
			defaultConfigurationName = Release;
		};
/* End XCConfigurationList section */
	};
	rootObject = FA80480B2258E78000DE5E9B /* Project object */;
}
